
Microsoft Visual Studio Solution File, Format Version 12.00
# Visual Studio 14
VisualStudioVersion = 14.0.25420.1
MinimumVisualStudioVersion = 10.0.40219.1
Project("{FAE04EC0-301F-11D3-BF4B-00C04F79EFBC}") = "uDicom.Core", "uDicom.Core\uDicom.Core.csproj", "{5F03C5DC-CDF9-406C-A6C1-611EA4B1C441}"
EndProject
Project("{8BC9CEB8-8B4A-11D0-8D11-00A0C91BC942}") = "libijg8", "uDicom.Core\Codec\Jpeg\libijg8\libijg8.vcxproj", "{A0385D99-56DF-45BB-9DB2-1E170B219F5E}"
EndProject
Project("{8BC9CEB8-8B4A-11D0-8D11-00A0C91BC942}") = "libijg12", "uDicom.Core\Codec\Jpeg\libijg12\libijg12.vcxproj", "{9779F796-68BA-4F46-8B6D-BF1F77819C8E}"
EndProject
Project("{8BC9CEB8-8B4A-11D0-8D11-00A0C91BC942}") = "libijg16", "uDicom.Core\Codec\Jpeg\libijg16\libijg16.vcxproj", "{8BAE0115-0959-4AF8-82AD-7F599D5850AC}"
EndProject
Project("{8BC9CEB8-8B4A-11D0-8D11-00A0C91BC942}") = "OpenJPEG", "uDicom.Core\Codec\Jpeg2000\OpenJPEG\OpenJPEG.vcxproj", "{497CEAC5-C575-47A7-9230-610D6A3B6A2A}"
EndProject
Project("{8BC9CEB8-8B4A-11D0-8D11-00A0C91BC942}") = "UIH.Dicom.Codec.Jpeg", "uDicom.Core\Codec\Jpeg\Jpeg.vcxproj", "{FC264853-24DF-4E17-BC69-871BAF421A6D}"
EndProject
Project("{FAE04EC0-301F-11D3-BF4B-00C04F79EFBC}") = "UIH.Dicom.Codec.Rle", "uDicom.Core\Codec\Rle\UIH.Dicom.Codec.Rle.csproj", "{AB89527E-B1B6-49A4-B3A0-D07948FC23E0}"
EndProject
Project("{8BC9CEB8-8B4A-11D0-8D11-00A0C91BC942}") = "UIH.Dicom.Codec.Jpeg2000", "uDicom.Core\Codec\Jpeg2000\Dicom.Jpeg2000.vcxproj", "{B389F627-F243-4B7E-8A04-90E1071B2754}"
EndProject
Project("{FAE04EC0-301F-11D3-BF4B-00C04F79EFBC}") = "uDicom.PACS.Service", "uDicom.PACS.Service\uDicom.PACS.Service.csproj", "{2EBD1CB0-1813-4005-83DB-B12FE2E222B5}"
EndProject
Project("{FAE04EC0-301F-11D3-BF4B-00C04F79EFBC}") = "App.PACS", "Sample\App.PACS\App.PACS.csproj", "{5F7AC32C-B3AB-414F-8A3E-CA16A4DA7A08}"
EndProject
Project("{2150E333-8FDC-42A3-9474-1A3956D46DE8}") = "Sample", "Sample", "{3EE643A0-2714-466F-824D-BBB789366270}"
EndProject
Project("{2150E333-8FDC-42A3-9474-1A3956D46DE8}") = "Codec", "Codec", "{D8FC679D-F304-4022-BC7C-2F32AB433820}"
EndProject
Global
	GlobalSection(SolutionConfigurationPlatforms) = preSolution
		Debug|Any CPU = Debug|Any CPU
		Debug|x64 = Debug|x64
		Debug|x86 = Debug|x86
		Release|Any CPU = Release|Any CPU
		Release|x64 = Release|x64
		Release|x86 = Release|x86
	EndGlobalSection
	GlobalSection(ProjectConfigurationPlatforms) = postSolution
		{5F03C5DC-CDF9-406C-A6C1-611EA4B1C441}.Debug|Any CPU.ActiveCfg = Debug|Any CPU
		{5F03C5DC-CDF9-406C-A6C1-611EA4B1C441}.Debug|Any CPU.Build.0 = Debug|Any CPU
		{5F03C5DC-CDF9-406C-A6C1-611EA4B1C441}.Debug|x64.ActiveCfg = Debug|Any CPU
		{5F03C5DC-CDF9-406C-A6C1-611EA4B1C441}.Debug|x64.Build.0 = Debug|Any CPU
		{5F03C5DC-CDF9-406C-A6C1-611EA4B1C441}.Debug|x86.ActiveCfg = Debug|Any CPU
		{5F03C5DC-CDF9-406C-A6C1-611EA4B1C441}.Debug|x86.Build.0 = Debug|Any CPU
		{5F03C5DC-CDF9-406C-A6C1-611EA4B1C441}.Release|Any CPU.ActiveCfg = Release|Any CPU
		{5F03C5DC-CDF9-406C-A6C1-611EA4B1C441}.Release|Any CPU.Build.0 = Release|Any CPU
		{5F03C5DC-CDF9-406C-A6C1-611EA4B1C441}.Release|x64.ActiveCfg = Release|Any CPU
		{5F03C5DC-CDF9-406C-A6C1-611EA4B1C441}.Release|x64.Build.0 = Release|Any CPU
		{5F03C5DC-CDF9-406C-A6C1-611EA4B1C441}.Release|x86.ActiveCfg = Release|Any CPU
		{5F03C5DC-CDF9-406C-A6C1-611EA4B1C441}.Release|x86.Build.0 = Release|Any CPU
		{A0385D99-56DF-45BB-9DB2-1E170B219F5E}.Debug|Any CPU.ActiveCfg = Debug|Win32
		{A0385D99-56DF-45BB-9DB2-1E170B219F5E}.Debug|x64.ActiveCfg = Debug|x64
		{A0385D99-56DF-45BB-9DB2-1E170B219F5E}.Debug|x64.Build.0 = Debug|x64
		{A0385D99-56DF-45BB-9DB2-1E170B219F5E}.Debug|x86.ActiveCfg = Debug|Win32
		{A0385D99-56DF-45BB-9DB2-1E170B219F5E}.Debug|x86.Build.0 = Debug|Win32
		{A0385D99-56DF-45BB-9DB2-1E170B219F5E}.Release|Any CPU.ActiveCfg = Release|Win32
		{A0385D99-56DF-45BB-9DB2-1E170B219F5E}.Release|x64.ActiveCfg = Release|x64
		{A0385D99-56DF-45BB-9DB2-1E170B219F5E}.Release|x64.Build.0 = Release|x64
		{A0385D99-56DF-45BB-9DB2-1E170B219F5E}.Release|x86.ActiveCfg = Release|Win32
		{A0385D99-56DF-45BB-9DB2-1E170B219F5E}.Release|x86.Build.0 = Release|Win32
		{9779F796-68BA-4F46-8B6D-BF1F77819C8E}.Debug|Any CPU.ActiveCfg = Debug|Win32
		{9779F796-68BA-4F46-8B6D-BF1F77819C8E}.Debug|x64.ActiveCfg = Debug|x64
		{9779F796-68BA-4F46-8B6D-BF1F77819C8E}.Debug|x64.Build.0 = Debug|x64
		{9779F796-68BA-4F46-8B6D-BF1F77819C8E}.Debug|x86.ActiveCfg = Debug|Win32
		{9779F796-68BA-4F46-8B6D-BF1F77819C8E}.Debug|x86.Build.0 = Debug|Win32
		{9779F796-68BA-4F46-8B6D-BF1F77819C8E}.Release|Any CPU.ActiveCfg = Release|Win32
		{9779F796-68BA-4F46-8B6D-BF1F77819C8E}.Release|x64.ActiveCfg = Release|x64
		{9779F796-68BA-4F46-8B6D-BF1F77819C8E}.Release|x64.Build.0 = Release|x64
		{9779F796-68BA-4F46-8B6D-BF1F77819C8E}.Release|x86.ActiveCfg = Release|Win32
		{9779F796-68BA-4F46-8B6D-BF1F77819C8E}.Release|x86.Build.0 = Release|Win32
		{8BAE0115-0959-4AF8-82AD-7F599D5850AC}.Debug|Any CPU.ActiveCfg = Debug|Win32
		{8BAE0115-0959-4AF8-82AD-7F599D5850AC}.Debug|x64.ActiveCfg = Debug|x64
		{8BAE0115-0959-4AF8-82AD-7F599D5850AC}.Debug|x64.Build.0 = Debug|x64
		{8BAE0115-0959-4AF8-82AD-7F599D5850AC}.Debug|x86.ActiveCfg = Debug|Win32
		{8BAE0115-0959-4AF8-82AD-7F599D5850AC}.Debug|x86.Build.0 = Debug|Win32
		{8BAE0115-0959-4AF8-82AD-7F599D5850AC}.Release|Any CPU.ActiveCfg = Release|Win32
		{8BAE0115-0959-4AF8-82AD-7F599D5850AC}.Release|x64.ActiveCfg = Release|x64
		{8BAE0115-0959-4AF8-82AD-7F599D5850AC}.Release|x64.Build.0 = Release|x64
		{8BAE0115-0959-4AF8-82AD-7F599D5850AC}.Release|x86.ActiveCfg = Release|Win32
		{8BAE0115-0959-4AF8-82AD-7F599D5850AC}.Release|x86.Build.0 = Release|Win32
		{497CEAC5-C575-47A7-9230-610D6A3B6A2A}.Debug|Any CPU.ActiveCfg = Debug|Win32
		{497CEAC5-C575-47A7-9230-610D6A3B6A2A}.Debug|x64.ActiveCfg = Debug|x64
		{497CEAC5-C575-47A7-9230-610D6A3B6A2A}.Debug|x64.Build.0 = Debug|x64
		{497CEAC5-C575-47A7-9230-610D6A3B6A2A}.Debug|x86.ActiveCfg = Debug|Win32
		{497CEAC5-C575-47A7-9230-610D6A3B6A2A}.Debug|x86.Build.0 = Debug|Win32
		{497CEAC5-C575-47A7-9230-610D6A3B6A2A}.Release|Any CPU.ActiveCfg = Release|Win32
		{497CEAC5-C575-47A7-9230-610D6A3B6A2A}.Release|x64.ActiveCfg = Release|x64
		{497CEAC5-C575-47A7-9230-610D6A3B6A2A}.Release|x64.Build.0 = Release|x64
		{497CEAC5-C575-47A7-9230-610D6A3B6A2A}.Release|x86.ActiveCfg = Release|Win32
		{497CEAC5-C575-47A7-9230-610D6A3B6A2A}.Release|x86.Build.0 = Release|Win32
		{FC264853-24DF-4E17-BC69-871BAF421A6D}.Debug|Any CPU.ActiveCfg = Debug|Win32
		{FC264853-24DF-4E17-BC69-871BAF421A6D}.Debug|x64.ActiveCfg = Debug|x64
		{FC264853-24DF-4E17-BC69-871BAF421A6D}.Debug|x64.Build.0 = Debug|x64
		{FC264853-24DF-4E17-BC69-871BAF421A6D}.Debug|x86.ActiveCfg = Debug|Win32
		{FC264853-24DF-4E17-BC69-871BAF421A6D}.Debug|x86.Build.0 = Debug|Win32
		{FC264853-24DF-4E17-BC69-871BAF421A6D}.Release|Any CPU.ActiveCfg = Release|Win32
		{FC264853-24DF-4E17-BC69-871BAF421A6D}.Release|x64.ActiveCfg = Release|x64
		{FC264853-24DF-4E17-BC69-871BAF421A6D}.Release|x64.Build.0 = Release|x64
		{FC264853-24DF-4E17-BC69-871BAF421A6D}.Release|x86.ActiveCfg = Release|Win32
		{FC264853-24DF-4E17-BC69-871BAF421A6D}.Release|x86.Build.0 = Release|Win32
		{AB89527E-B1B6-49A4-B3A0-D07948FC23E0}.Debug|Any CPU.ActiveCfg = Debug|Any CPU
		{AB89527E-B1B6-49A4-B3A0-D07948FC23E0}.Debug|Any CPU.Build.0 = Debug|Any CPU
		{AB89527E-B1B6-49A4-B3A0-D07948FC23E0}.Debug|x64.ActiveCfg = Debug|Any CPU
		{AB89527E-B1B6-49A4-B3A0-D07948FC23E0}.Debug|x64.Build.0 = Debug|Any CPU
		{AB89527E-B1B6-49A4-B3A0-D07948FC23E0}.Debug|x86.ActiveCfg = Debug|Any CPU
		{AB89527E-B1B6-49A4-B3A0-D07948FC23E0}.Debug|x86.Build.0 = Debug|Any CPU
		{AB89527E-B1B6-49A4-B3A0-D07948FC23E0}.Release|Any CPU.ActiveCfg = Release|Any CPU
		{AB89527E-B1B6-49A4-B3A0-D07948FC23E0}.Release|Any CPU.Build.0 = Release|Any CPU
		{AB89527E-B1B6-49A4-B3A0-D07948FC23E0}.Release|x64.ActiveCfg = Release|Any CPU
		{AB89527E-B1B6-49A4-B3A0-D07948FC23E0}.Release|x64.Build.0 = Release|Any CPU
		{AB89527E-B1B6-49A4-B3A0-D07948FC23E0}.Release|x86.ActiveCfg = Release|Any CPU
		{AB89527E-B1B6-49A4-B3A0-D07948FC23E0}.Release|x86.Build.0 = Release|Any CPU
		{B389F627-F243-4B7E-8A04-90E1071B2754}.Debug|Any CPU.ActiveCfg = Debug|Win32
		{B389F627-F243-4B7E-8A04-90E1071B2754}.Debug|x64.ActiveCfg = Debug|x64
		{B389F627-F243-4B7E-8A04-90E1071B2754}.Debug|x64.Build.0 = Debug|x64
		{B389F627-F243-4B7E-8A04-90E1071B2754}.Debug|x86.ActiveCfg = Debug|Win32
		{B389F627-F243-4B7E-8A04-90E1071B2754}.Debug|x86.Build.0 = Debug|Win32
		{B389F627-F243-4B7E-8A04-90E1071B2754}.Release|Any CPU.ActiveCfg = Release|Win32
		{B389F627-F243-4B7E-8A04-90E1071B2754}.Release|x64.ActiveCfg = Release|x64
		{B389F627-F243-4B7E-8A04-90E1071B2754}.Release|x64.Build.0 = Release|x64
		{B389F627-F243-4B7E-8A04-90E1071B2754}.Release|x86.ActiveCfg = Release|Win32
		{B389F627-F243-4B7E-8A04-90E1071B2754}.Release|x86.Build.0 = Release|Win32
		{2EBD1CB0-1813-4005-83DB-B12FE2E222B5}.Debug|Any CPU.ActiveCfg = Debug|Any CPU
		{2EBD1CB0-1813-4005-83DB-B12FE2E222B5}.Debug|Any CPU.Build.0 = Debug|Any CPU
		{2EBD1CB0-1813-4005-83DB-B12FE2E222B5}.Debug|x64.ActiveCfg = Debug|Any CPU
		{2EBD1CB0-1813-4005-83DB-B12FE2E222B5}.Debug|x64.Build.0 = Debug|Any CPU
		{2EBD1CB0-1813-4005-83DB-B12FE2E222B5}.Debug|x86.ActiveCfg = Debug|Any CPU
		{2EBD1CB0-1813-4005-83DB-B12FE2E222B5}.Debug|x86.Build.0 = Debug|Any CPU
		{2EBD1CB0-1813-4005-83DB-B12FE2E222B5}.Release|Any CPU.ActiveCfg = Release|Any CPU
		{2EBD1CB0-1813-4005-83DB-B12FE2E222B5}.Release|Any CPU.Build.0 = Release|Any CPU
		{2EBD1CB0-1813-4005-83DB-B12FE2E222B5}.Release|x64.ActiveCfg = Release|Any CPU
		{2EBD1CB0-1813-4005-83DB-B12FE2E222B5}.Release|x64.Build.0 = Release|Any CPU
		{2EBD1CB0-1813-4005-83DB-B12FE2E222B5}.Release|x86.ActiveCfg = Release|Any CPU
		{2EBD1CB0-1813-4005-83DB-B12FE2E222B5}.Release|x86.Build.0 = Release|Any CPU
		{5F7AC32C-B3AB-414F-8A3E-CA16A4DA7A08}.Debug|Any CPU.ActiveCfg = Debug|Any CPU
		{5F7AC32C-B3AB-414F-8A3E-CA16A4DA7A08}.Debug|Any CPU.Build.0 = Debug|Any CPU
		{5F7AC32C-B3AB-414F-8A3E-CA16A4DA7A08}.Debug|x64.ActiveCfg = Debug|Any CPU
		{5F7AC32C-B3AB-414F-8A3E-CA16A4DA7A08}.Debug|x64.Build.0 = Debug|Any CPU
		{5F7AC32C-B3AB-414F-8A3E-CA16A4DA7A08}.Debug|x86.ActiveCfg = Debug|Any CPU
		{5F7AC32C-B3AB-414F-8A3E-CA16A4DA7A08}.Debug|x86.Build.0 = Debug|Any CPU
		{5F7AC32C-B3AB-414F-8A3E-CA16A4DA7A08}.Release|Any CPU.ActiveCfg = Release|Any CPU
		{5F7AC32C-B3AB-414F-8A3E-CA16A4DA7A08}.Release|Any CPU.Build.0 = Release|Any CPU
		{5F7AC32C-B3AB-414F-8A3E-CA16A4DA7A08}.Release|x64.ActiveCfg = Release|Any CPU
		{5F7AC32C-B3AB-414F-8A3E-CA16A4DA7A08}.Release|x64.Build.0 = Release|Any CPU
		{5F7AC32C-B3AB-414F-8A3E-CA16A4DA7A08}.Release|x86.ActiveCfg = Release|Any CPU
		{5F7AC32C-B3AB-414F-8A3E-CA16A4DA7A08}.Release|x86.Build.0 = Release|Any CPU
	EndGlobalSection
	GlobalSection(SolutionProperties) = preSolution
		HideSolutionNode = FALSE
	EndGlobalSection
	GlobalSection(NestedProjects) = preSolution
		{A0385D99-56DF-45BB-9DB2-1E170B219F5E} = {D8FC679D-F304-4022-BC7C-2F32AB433820}
		{9779F796-68BA-4F46-8B6D-BF1F77819C8E} = {D8FC679D-F304-4022-BC7C-2F32AB433820}
		{8BAE0115-0959-4AF8-82AD-7F599D5850AC} = {D8FC679D-F304-4022-BC7C-2F32AB433820}
		{497CEAC5-C575-47A7-9230-610D6A3B6A2A} = {D8FC679D-F304-4022-BC7C-2F32AB433820}
		{FC264853-24DF-4E17-BC69-871BAF421A6D} = {D8FC679D-F304-4022-BC7C-2F32AB433820}
		{AB89527E-B1B6-49A4-B3A0-D07948FC23E0} = {D8FC679D-F304-4022-BC7C-2F32AB433820}
		{B389F627-F243-4B7E-8A04-90E1071B2754} = {D8FC679D-F304-4022-BC7C-2F32AB433820}
		{5F7AC32C-B3AB-414F-8A3E-CA16A4DA7A08} = {3EE643A0-2714-466F-824D-BBB789366270}
	EndGlobalSection
EndGlobal
